// !$*UTF8*$!
{
	archiveVersion = 1;
	classes = {
	};
	objectVersion = 50;
	objects = {

/* Begin PBXBuildFile section */
		AAA365C2225B5047001A909E /* bell.png in Resources */ = {isa = PBXBuildFile; fileRef = AAE1AD142257DEDD00C23FAB /* bell.png */; };
		AAA365C6225B58D4001A909E /* Question4&5VC.swift in Sources */ = {isa = PBXBuildFile; fileRef = AAA365C5225B58D4001A909E /* Question4&5VC.swift */; };
		AAA365C9225B7DC0001A909E /* Soda.m4r in Resources */ = {isa = PBXBuildFile; fileRef = AAA365C8225B7DC0001A909E /* Soda.m4r */; };
		AACE703422573390000D022F /* AppDelegate.swift in Sources */ = {isa = PBXBuildFile; fileRef = AACE703322573390000D022F /* AppDelegate.swift */; };
		AACE703622573390000D022F /* Question1.swift in Sources */ = {isa = PBXBuildFile; fileRef = AACE703522573390000D022F /* Question1.swift */; };
		AACE703922573390000D022F /* Main.storyboard in Resources */ = {isa = PBXBuildFile; fileRef = AACE703722573390000D022F /* Main.storyboard */; };
		AACE703B22573391000D022F /* Assets.xcassets in Resources */ = {isa = PBXBuildFile; fileRef = AACE703A22573391000D022F /* Assets.xcassets */; };
		AACE703E22573391000D022F /* LaunchScreen.storyboard in Resources */ = {isa = PBXBuildFile; fileRef = AACE703C22573391000D022F /* LaunchScreen.storyboard */; };
		AACE704622574377000D022F /* NameVC.swift in Sources */ = {isa = PBXBuildFile; fileRef = AACE704522574377000D022F /* NameVC.swift */; };
		AACE704922576767000D022F /* firstVC.swift in Sources */ = {isa = PBXBuildFile; fileRef = AACE704822576767000D022F /* firstVC.swift */; };
		AACE704B22576A2D000D022F /* secondVC.swift in Sources */ = {isa = PBXBuildFile; fileRef = AACE704A22576A2D000D022F /* secondVC.swift */; };
		AAE1AD0F2257C7BA00C23FAB /* Question3VC.swift in Sources */ = {isa = PBXBuildFile; fileRef = AAE1AD0E2257C7BA00C23FAB /* Question3VC.swift */; };
/* End PBXBuildFile section */

/* Begin PBXFileReference section */
		AAA365C5225B58D4001A909E /* Question4&5VC.swift */ = {isa = PBXFileReference; lastKnownFileType = sourcecode.swift; path = "Question4&5VC.swift"; sourceTree = "<group>"; };
		AAA365C8225B7DC0001A909E /* Soda.m4r */ = {isa = PBXFileReference; lastKnownFileType = file; path = Soda.m4r; sourceTree = "<group>"; };
		AACE703022573390000D022F /* iOSAssignment 16 - Notification.app */ = {isa = PBXFileReference; explicitFileType = wrapper.application; includeInIndex = 0; path = "iOSAssignment 16 - Notification.app"; sourceTree = BUILT_PRODUCTS_DIR; };
		AACE703322573390000D022F /* AppDelegate.swift */ = {isa = PBXFileReference; lastKnownFileType = sourcecode.swift; path = AppDelegate.swift; sourceTree = "<group>"; };
		AACE703522573390000D022F /* Question1.swift */ = {isa = PBXFileReference; lastKnownFileType = sourcecode.swift; path = Question1.swift; sourceTree = "<group>"; };
		AACE703822573390000D022F /* Base */ = {isa = PBXFileReference; lastKnownFileType = file.storyboard; name = Base; path = Base.lproj/Main.storyboard; sourceTree = "<group>"; };
		AACE703A22573391000D022F /* Assets.xcassets */ = {isa = PBXFileReference; lastKnownFileType = folder.assetcatalog; path = Assets.xcassets; sourceTree = "<group>"; };
		AACE703D22573391000D022F /* Base */ = {isa = PBXFileReference; lastKnownFileType = file.storyboard; name = Base; path = Base.lproj/LaunchScreen.storyboard; sourceTree = "<group>"; };
		AACE703F22573391000D022F /* Info.plist */ = {isa = PBXFileReference; lastKnownFileType = text.plist.xml; path = Info.plist; sourceTree = "<group>"; };
		AACE704522574377000D022F /* NameVC.swift */ = {isa = PBXFileReference; lastKnownFileType = sourcecode.swift; path = NameVC.swift; sourceTree = "<group>"; };
		AACE704822576767000D022F /* firstVC.swift */ = {isa = PBXFileReference; lastKnownFileType = sourcecode.swift; path = firstVC.swift; sourceTree = "<group>"; };
		AACE704A22576A2D000D022F /* secondVC.swift */ = {isa = PBXFileReference; lastKnownFileType = sourcecode.swift; path = secondVC.swift; sourceTree = "<group>"; };
		AAE1AD0E2257C7BA00C23FAB /* Question3VC.swift */ = {isa = PBXFileReference; lastKnownFileType = sourcecode.swift; path = Question3VC.swift; sourceTree = "<group>"; };
		AAE1AD142257DEDD00C23FAB /* bell.png */ = {isa = PBXFileReference; lastKnownFileType = image.png; path = bell.png; sourceTree = "<group>"; };
/* End PBXFileReference section */

/* Begin PBXFrameworksBuildPhase section */
		AACE702D22573390000D022F /* Frameworks */ = {
			isa = PBXFrameworksBuildPhase;
			buildActionMask = 2147483647;
			files = (
			);
			runOnlyForDeploymentPostprocessing = 0;
		};
/* End PBXFrameworksBuildPhase section */

/* Begin PBXGroup section */
		AAA365C4225B589A001A909E /* Question 4 & 5 */ = {
			isa = PBXGroup;
			children = (
				AAA365C5225B58D4001A909E /* Question4&5VC.swift */,
			);
			path = "Question 4 & 5";
			sourceTree = "<group>";
		};
		AACE702722573390000D022F = {
			isa = PBXGroup;
			children = (
				AAA365C4225B589A001A909E /* Question 4 & 5 */,
				AACE704C22577DF0000D022F /* Question 3 */,
				AACE7047225766D6000D022F /* Question 2 */,
				AACE703222573390000D022F /* iOSAssignment 16 - Notification */,
				AACE703122573390000D022F /* Products */,
			);
			sourceTree = "<group>";
		};
		AACE703122573390000D022F /* Products */ = {
			isa = PBXGroup;
			children = (
				AACE703022573390000D022F /* iOSAssignment 16 - Notification.app */,
			);
			name = Products;
			sourceTree = "<group>";
		};
		AACE703222573390000D022F /* iOSAssignment 16 - Notification */ = {
			isa = PBXGroup;
			children = (
				AACE703322573390000D022F /* AppDelegate.swift */,
				AACE703522573390000D022F /* Question1.swift */,
				AACE704522574377000D022F /* NameVC.swift */,
				AACE703722573390000D022F /* Main.storyboard */,
				AACE703A22573391000D022F /* Assets.xcassets */,
				AACE703C22573391000D022F /* LaunchScreen.storyboard */,
				AACE703F22573391000D022F /* Info.plist */,
			);
			path = "iOSAssignment 16 - Notification";
			sourceTree = "<group>";
		};
		AACE7047225766D6000D022F /* Question 2 */ = {
			isa = PBXGroup;
			children = (
				AACE704822576767000D022F /* firstVC.swift */,
				AACE704A22576A2D000D022F /* secondVC.swift */,
			);
			path = "Question 2";
			sourceTree = "<group>";
		};
		AACE704C22577DF0000D022F /* Question 3 */ = {
			isa = PBXGroup;
			children = (
				AAA365C8225B7DC0001A909E /* Soda.m4r */,
				AAE1AD0E2257C7BA00C23FAB /* Question3VC.swift */,
				AAE1AD142257DEDD00C23FAB /* bell.png */,
			);
			path = "Question 3";
			sourceTree = "<group>";
		};
/* End PBXGroup section */

/* Begin PBXNativeTarget section */
		AACE702F22573390000D022F /* iOSAssignment 16 - Notification */ = {
			isa = PBXNativeTarget;
			buildConfigurationList = AACE704222573391000D022F /* Build configuration list for PBXNativeTarget "iOSAssignment 16 - Notification" */;
			buildPhases = (
				AACE702C22573390000D022F /* Sources */,
				AACE702D22573390000D022F /* Frameworks */,
				AACE702E22573390000D022F /* Resources */,
			);
			buildRules = (
			);
			dependencies = (
			);
			name = "iOSAssignment 16 - Notification";
			productName = "iOSAssignment 16 - Notification";
			productReference = AACE703022573390000D022F /* iOSAssignment 16 - Notification.app */;
			productType = "com.apple.product-type.application";
		};
/* End PBXNativeTarget section */

/* Begin PBXProject section */
		AACE702822573390000D022F /* Project object */ = {
			isa = PBXProject;
			attributes = {
				LastSwiftUpdateCheck = 1020;
				LastUpgradeCheck = 1020;
				ORGANIZATIONNAME = "Utkarsh Patel";
				TargetAttributes = {
					AACE702F22573390000D022F = {
						CreatedOnToolsVersion = 10.2;
					};
				};
			};
			buildConfigurationList = AACE702B22573390000D022F /* Build configuration list for PBXProject "iOSAssignment 16 - Notification" */;
			compatibilityVersion = "Xcode 9.3";
			developmentRegion = en;
			hasScannedForEncodings = 0;
			knownRegions = (
				en,
				Base,
			);
			mainGroup = AACE702722573390000D022F;
			productRefGroup = AACE703122573390000D022F /* Products */;
			projectDirPath = "";
			projectRoot = "";
			targets = (
				AACE702F22573390000D022F /* iOSAssignment 16 - Notification */,
			);
		};
/* End PBXProject section */

/* Begin PBXResourcesBuildPhase section */
		AACE702E22573390000D022F /* Resources */ = {
			isa = PBXResourcesBuildPhase;
			buildActionMask = 2147483647;
			files = (
				AACE703E22573391000D022F /* LaunchScreen.storyboard in Resources */,
				AACE703B22573391000D022F /* Assets.xcassets in Resources */,
				AAA365C2225B5047001A909E /* bell.png in Resources */,
				AAA365C9225B7DC0001A909E /* Soda.m4r in Resources */,
				AACE703922573390000D022F /* Main.storyboard in Resources */,
			);
			runOnlyForDeploymentPostprocessing = 0;
		};
/* End PBXResourcesBuildPhase section */

/* Begin PBXSourcesBuildPhase section */
		AACE702C22573390000D022F /* Sources */ = {
			isa = PBXSourcesBuildPhase;
			buildActionMask = 2147483647;
			files = (
				AAA365C6225B58D4001A909E /* Question4&5VC.swift in Sources */,
				AAE1AD0F2257C7BA00C23FAB /* Question3VC.swift in Sources */,
				AACE704622574377000D022F /* NameVC.swift in Sources */,
				AACE704B22576A2D000D022F /* secondVC.swift in Sources */,
				AACE704922576767000D022F /* firstVC.swift in Sources */,
				AACE703622573390000D022F /* Question1.swift in Sources */,
				AACE703422573390000D022F /* AppDelegate.swift in Sources */,
			);
			runOnlyForDeploymentPostprocessing = 0;
		};
/* End PBXSourcesBuildPhase section */

/* Begin PBXVariantGroup section */
		AACE703722573390000D022F /* Main.storyboard */ = {
			isa = PBXVariantGroup;
			children = (
				AACE703822573390000D022F /* Base */,
			);
			name = Main.storyboard;
			sourceTree = "<group>";
		};
		AACE703C22573391000D022F /* LaunchScreen.storyboard */ = {
			isa = PBXVariantGroup;
			children = (
				AACE703D22573391000D022F /* Base */,
			);
			name = LaunchScreen.storyboard;
			sourceTree = "<group>";
		};
/* End PBXVariantGroup section */

/* Begin XCBuildConfiguration section */
		AACE704022573391000D022F /* Debug */ = {
			isa = XCBuildConfiguration;
			buildSettings = {
				ALWAYS_SEARCH_USER_PATHS = NO;
				CLANG_ANALYZER_NONNULL = YES;
				CLANG_ANALYZER_NUMBER_OBJECT_CONVERSION = YES_AGGRESSIVE;
				CLANG_CXX_LANGUAGE_STANDARD = "gnu++14";
				CLANG_CXX_LIBRARY = "libc++";
				CLANG_ENABLE_MODULES = YES;
				CLANG_ENABLE_OBJC_ARC = YES;
				CLANG_ENABLE_OBJC_WEAK = YES;
				CLANG_WARN_BLOCK_CAPTURE_AUTORELEASING = YES;
				CLANG_WARN_BOOL_CONVERSION = YES;
				CLANG_WARN_COMMA = YES;
				CLANG_WARN_CONSTANT_CONVERSION = YES;
				CLANG_WARN_DEPRECATED_OBJC_IMPLEMENTATIONS = YES;
				CLANG_WARN_DIRECT_OBJC_ISA_USAGE = YES_ERROR;
				CLANG_WARN_DOCUMENTATION_COMMENTS = YES;
				CLANG_WARN_EMPTY_BODY = YES;
				CLANG_WARN_ENUM_CONVERSION = YES;
				CLANG_WARN_INFINITE_RECURSION = YES;
				CLANG_WARN_INT_CONVERSION = YES;
				CLANG_WARN_NON_LITERAL_NULL_CONVERSION = YES;
				CLANG_WARN_OBJC_IMPLICIT_RETAIN_SELF = YES;
				CLANG_WARN_OBJC_LITERAL_CONVERSION = YES;
				CLANG_WARN_OBJC_ROOT_CLASS = YES_ERROR;
				CLANG_WARN_RANGE_LOOP_ANALYSIS = YES;
				CLANG_WARN_STRICT_PROTOTYPES = YES;
				CLANG_WARN_SUSPICIOUS_MOVE = YES;
				CLANG_WARN_UNGUARDED_AVAILABILITY = YES_AGGRESSIVE;
				CLANG_WARN_UNREACHABLE_CODE = YES;
				CLANG_WARN__DUPLICATE_METHOD_MATCH = YES;
				CODE_SIGN_IDENTITY = "iPhone Developer";
				COPY_PHASE_STRIP = NO;
				DEBUG_INFORMATION_FORMAT = dwarf;
				ENABLE_STRICT_OBJC_MSGSEND = YES;
				ENABLE_TESTABILITY = YES;
				GCC_C_LANGUAGE_STANDARD = gnu11;
				GCC_DYNAMIC_NO_PIC = NO;
				GCC_NO_COMMON_BLOCKS = YES;
				GCC_OPTIMIZATION_LEVEL = 0;
				GCC_PREPROCESSOR_DEFINITIONS = (
					"DEBUG=1",
					"$(inherited)",
				);
				GCC_WARN_64_TO_32_BIT_CONVERSION = YES;
				GCC_WARN_ABOUT_RETURN_TYPE = YES_ERROR;
				GCC_WARN_UNDECLARED_SELECTOR = YES;
				GCC_WARN_UNINITIALIZED_AUTOS = YES_AGGRESSIVE;
				GCC_WARN_UNUSED_FUNCTION = YES;
				GCC_WARN_UNUSED_VARIABLE = YES;
				IPHONEOS_DEPLOYMENT_TARGET = 12.2;
				MTL_ENABLE_DEBUG_INFO = INCLUDE_SOURCE;
				MTL_FAST_MATH = YES;
				ONLY_ACTIVE_ARCH = YES;
				SDKROOT = iphoneos;
				SWIFT_ACTIVE_COMPILATION_CONDITIONS = DEBUG;
				SWIFT_OPTIMIZATION_LEVEL = "-Onone";
			};
			name = Debug;
		};
		AACE704122573391000D022F /* Release */ = {
			isa = XCBuildConfiguration;
			buildSettings = {
				ALWAYS_SEARCH_USER_PATHS = NO;
				CLANG_ANALYZER_NONNULL = YES;
				CLANG_ANALYZER_NUMBER_OBJECT_CONVERSION = YES_AGGRESSIVE;
				CLANG_CXX_LANGUAGE_STANDARD = "gnu++14";
				CLANG_CXX_LIBRARY = "libc++";
				CLANG_ENABLE_MODULES = YES;
				CLANG_ENABLE_OBJC_ARC = YES;
				CLANG_ENABLE_OBJC_WEAK = YES;
				CLANG_WARN_BLOCK_CAPTURE_AUTORELEASING = YES;
				CLANG_WARN_BOOL_CONVERSION = YES;
				CLANG_WARN_COMMA = YES;
				CLANG_WARN_CONSTANT_CONVERSION = YES;
				CLANG_WARN_DEPRECATED_OBJC_IMPLEMENTATIONS = YES;
				CLANG_WARN_DIRECT_OBJC_ISA_USAGE = YES_ERROR;
				CLANG_WARN_DOCUMENTATION_COMMENTS = YES;
				CLANG_WARN_EMPTY_BODY = YES;
				CLANG_WARN_ENUM_CONVERSION = YES;
				CLANG_WARN_INFINITE_RECURSION = YES;
				CLANG_WARN_INT_CONVERSION = YES;
				CLANG_WARN_NON_LITERAL_NULL_CONVERSION = YES;
				CLANG_WARN_OBJC_IMPLICIT_RETAIN_SELF = YES;
				CLANG_WARN_OBJC_LITERAL_CONVERSION = YES;
				CLANG_WARN_OBJC_ROOT_CLASS = YES_ERROR;
				CLANG_WARN_RANGE_LOOP_ANALYSIS = YES;
				CLANG_WARN_STRICT_PROTOTYPES = YES;
				CLANG_WARN_SUSPICIOUS_MOVE = YES;
				CLANG_WARN_UNGUARDED_AVAILABILITY = YES_AGGRESSIVE;
				CLANG_WARN_UNREACHABLE_CODE = YES;
				CLANG_WARN__DUPLICATE_METHOD_MATCH = YES;
				CODE_SIGN_IDENTITY = "iPhone Developer";
				COPY_PHASE_STRIP = NO;
				DEBUG_INFORMATION_FORMAT = "dwarf-with-dsym";
				ENABLE_NS_ASSERTIONS = NO;
				ENABLE_STRICT_OBJC_MSGSEND = YES;
				GCC_C_LANGUAGE_STANDARD = gnu11;
				GCC_NO_COMMON_BLOCKS = YES;
				GCC_WARN_64_TO_32_BIT_CONVERSION = YES;
				GCC_WARN_ABOUT_RETURN_TYPE = YES_ERROR;
				GCC_WARN_UNDECLARED_SELECTOR = YES;
				GCC_WARN_UNINITIALIZED_AUTOS = YES_AGGRESSIVE;
				GCC_WARN_UNUSED_FUNCTION = YES;
				GCC_WARN_UNUSED_VARIABLE = YES;
				IPHONEOS_DEPLOYMENT_TARGET = 12.2;
				MTL_ENABLE_DEBUG_INFO = NO;
				MTL_FAST_MATH = YES;
				SDKROOT = iphoneos;
				SWIFT_COMPILATION_MODE = wholemodule;
				SWIFT_OPTIMIZATION_LEVEL = "-O";
				VALIDATE_PRODUCT = YES;
			};
			name = Release;
		};
		AACE704322573391000D022F /* Debug */ = {
			isa = XCBuildConfiguration;
			buildSettings = {
				ASSETCATALOG_COMPILER_APPICON_NAME = AppIcon;
				CODE_SIGN_STYLE = Automatic;
				INFOPLIST_FILE = "iOSAssignment 16 - Notification/Info.plist";
				LD_RUNPATH_SEARCH_PATHS = (
					"$(inherited)",
					"@executable_path/Frameworks",
				);
				PRODUCT_BUNDLE_IDENTIFIER = "utkarsh.iOSAssignment-16---Notification";
				PRODUCT_NAME = "$(TARGET_NAME)";
				SWIFT_VERSION = 5.0;
				TARGETED_DEVICE_FAMILY = "1,2";
			};
			name = Debug;
		};
		AACE704422573391000D022F /* Release */ = {
			isa = XCBuildConfiguration;
			buildSettings = {
				ASSETCATALOG_COMPILER_APPICON_NAME = AppIcon;
				CODE_SIGN_STYLE = Automatic;
				INFOPLIST_FILE = "iOSAssignment 16 - Notification/Info.plist";
				LD_RUNPATH_SEARCH_PATHS = (
					"$(inherited)",
					"@executable_path/Frameworks",
				);
				PRODUCT_BUNDLE_IDENTIFIER = "utkarsh.iOSAssignment-16---Notification";
				PRODUCT_NAME = "$(TARGET_NAME)";
				SWIFT_VERSION = 5.0;
				TARGETED_DEVICE_FAMILY = "1,2";
			};
			name = Release;
		};
/* End XCBuildConfiguration section */

/* Begin XCConfigurationList section */
		AACE702B22573390000D022F /* Build configuration list for PBXProject "iOSAssignment 16 - Notification" */ = {
			isa = XCConfigurationList;
			buildConfigurations = (
				AACE704022573391000D022F /* Debug */,
				AACE704122573391000D022F /* Release */,
			);
			defaultConfigurationIsVisible = 0;
			defaultConfigurationName = Release;
		};
		AACE704222573391000D022F /* Build configuration list for PBXNativeTarget "iOSAssignment 16 - Notification" */ = {
			isa = XCConfigurationList;
			buildConfigurations = (
				AACE704322573391000D022F /* Debug */,
				AACE704422573391000D022F /* Release */,
			);
			defaultConfigurationIsVisible = 0;
			defaultConfigurationName = Release;
		};
/* End XCConfigurationList section */
	};
	rootObject = AACE702822573390000D022F /* Project object */;
}
