// !$*UTF8*$!
{
	archiveVersion = 1;
	classes = {
	};
	objectVersion = 50;
	objects = {

/* Begin PBXBuildFile section */
		AABCF98F226130F200D7D6C9 /* toastingProtocol.swift in Sources */ = {isa = PBXBuildFile; fileRef = AABCF98E226130F200D7D6C9 /* toastingProtocol.swift */; };
		AAD55D30226081EE00320F43 /* AppDelegate.swift in Sources */ = {isa = PBXBuildFile; fileRef = AAD55D2F226081EE00320F43 /* AppDelegate.swift */; };
		AAD55D32226081EE00320F43 /* GalleryVC.swift in Sources */ = {isa = PBXBuildFile; fileRef = AAD55D31226081EE00320F43 /* GalleryVC.swift */; };
		AAD55D35226081EE00320F43 /* Main.storyboard in Resources */ = {isa = PBXBuildFile; fileRef = AAD55D33226081EE00320F43 /* Main.storyboard */; };
		AAD55D38226081EE00320F43 /* iOSAssignment18_20_21_22.xcdatamodeld in Sources */ = {isa = PBXBuildFile; fileRef = AAD55D36226081EE00320F43 /* iOSAssignment18_20_21_22.xcdatamodeld */; };
		AAD55D3D226081EF00320F43 /* LaunchScreen.storyboard in Resources */ = {isa = PBXBuildFile; fileRef = AAD55D3B226081EF00320F43 /* LaunchScreen.storyboard */; };
		AAD55D46226082E000320F43 /* dataModal.swift in Sources */ = {isa = PBXBuildFile; fileRef = AAD55D45226082E000320F43 /* dataModal.swift */; };
		AAD55D48226091DA00320F43 /* CustomNavBar.swift in Sources */ = {isa = PBXBuildFile; fileRef = AAD55D47226091DA00320F43 /* CustomNavBar.swift */; };
		AAD55D4A2260920900320F43 /* CustomNavBar.xib in Resources */ = {isa = PBXBuildFile; fileRef = AAD55D492260920900320F43 /* CustomNavBar.xib */; };
		AAD55D4D22609FD800320F43 /* CustomCollectionViewCell.swift in Sources */ = {isa = PBXBuildFile; fileRef = AAD55D4B22609FD800320F43 /* CustomCollectionViewCell.swift */; };
		AAD55D4E22609FD800320F43 /* CustomCollectionViewCell.xib in Resources */ = {isa = PBXBuildFile; fileRef = AAD55D4C22609FD800320F43 /* CustomCollectionViewCell.xib */; };
		AAD55D502260A5B900320F43 /* nextWindowVC.swift in Sources */ = {isa = PBXBuildFile; fileRef = AAD55D4F2260A5B900320F43 /* nextWindowVC.swift */; };
		AAD55D532260E8ED00320F43 /* ImageLoadingExtension.swift in Sources */ = {isa = PBXBuildFile; fileRef = AAD55D522260E8ED00320F43 /* ImageLoadingExtension.swift */; };
		AAD55D55226102E300320F43 /* roundButton.swift in Sources */ = {isa = PBXBuildFile; fileRef = AAD55D54226102E300320F43 /* roundButton.swift */; };
		AAD55D592261146C00320F43 /* Assets.xcassets in Resources */ = {isa = PBXBuildFile; fileRef = AAD55D582261146C00320F43 /* Assets.xcassets */; };
/* End PBXBuildFile section */

/* Begin PBXFileReference section */
		AABCF98E226130F200D7D6C9 /* toastingProtocol.swift */ = {isa = PBXFileReference; lastKnownFileType = sourcecode.swift; path = toastingProtocol.swift; sourceTree = "<group>"; };
		AAD55D2C226081EE00320F43 /* iOSAssignment18,20,21,22.app */ = {isa = PBXFileReference; explicitFileType = wrapper.application; includeInIndex = 0; path = "iOSAssignment18,20,21,22.app"; sourceTree = BUILT_PRODUCTS_DIR; };
		AAD55D2F226081EE00320F43 /* AppDelegate.swift */ = {isa = PBXFileReference; lastKnownFileType = sourcecode.swift; path = AppDelegate.swift; sourceTree = "<group>"; };
		AAD55D31226081EE00320F43 /* GalleryVC.swift */ = {isa = PBXFileReference; lastKnownFileType = sourcecode.swift; path = GalleryVC.swift; sourceTree = "<group>"; };
		AAD55D34226081EE00320F43 /* Base */ = {isa = PBXFileReference; lastKnownFileType = file.storyboard; name = Base; path = Base.lproj/Main.storyboard; sourceTree = "<group>"; };
		AAD55D37226081EE00320F43 /* iOSAssignment18_20_21_22.xcdatamodel */ = {isa = PBXFileReference; lastKnownFileType = wrapper.xcdatamodel; path = iOSAssignment18_20_21_22.xcdatamodel; sourceTree = "<group>"; };
		AAD55D3C226081EF00320F43 /* Base */ = {isa = PBXFileReference; lastKnownFileType = file.storyboard; name = Base; path = Base.lproj/LaunchScreen.storyboard; sourceTree = "<group>"; };
		AAD55D3E226081EF00320F43 /* Info.plist */ = {isa = PBXFileReference; lastKnownFileType = text.plist.xml; path = Info.plist; sourceTree = "<group>"; };
		AAD55D45226082E000320F43 /* dataModal.swift */ = {isa = PBXFileReference; lastKnownFileType = sourcecode.swift; path = dataModal.swift; sourceTree = "<group>"; };
		AAD55D47226091DA00320F43 /* CustomNavBar.swift */ = {isa = PBXFileReference; lastKnownFileType = sourcecode.swift; path = CustomNavBar.swift; sourceTree = "<group>"; };
		AAD55D492260920900320F43 /* CustomNavBar.xib */ = {isa = PBXFileReference; lastKnownFileType = file.xib; path = CustomNavBar.xib; sourceTree = "<group>"; };
		AAD55D4B22609FD800320F43 /* CustomCollectionViewCell.swift */ = {isa = PBXFileReference; lastKnownFileType = sourcecode.swift; path = CustomCollectionViewCell.swift; sourceTree = "<group>"; };
		AAD55D4C22609FD800320F43 /* CustomCollectionViewCell.xib */ = {isa = PBXFileReference; lastKnownFileType = file.xib; path = CustomCollectionViewCell.xib; sourceTree = "<group>"; };
		AAD55D4F2260A5B900320F43 /* nextWindowVC.swift */ = {isa = PBXFileReference; lastKnownFileType = sourcecode.swift; path = nextWindowVC.swift; sourceTree = "<group>"; };
		AAD55D522260E8ED00320F43 /* ImageLoadingExtension.swift */ = {isa = PBXFileReference; lastKnownFileType = sourcecode.swift; path = ImageLoadingExtension.swift; sourceTree = "<group>"; };
		AAD55D54226102E300320F43 /* roundButton.swift */ = {isa = PBXFileReference; lastKnownFileType = sourcecode.swift; path = roundButton.swift; sourceTree = "<group>"; };
		AAD55D582261146C00320F43 /* Assets.xcassets */ = {isa = PBXFileReference; lastKnownFileType = folder.assetcatalog; path = Assets.xcassets; sourceTree = "<group>"; };
/* End PBXFileReference section */

/* Begin PBXFrameworksBuildPhase section */
		AAD55D29226081EE00320F43 /* Frameworks */ = {
			isa = PBXFrameworksBuildPhase;
			buildActionMask = 2147483647;
			files = (
			);
			runOnlyForDeploymentPostprocessing = 0;
		};
/* End PBXFrameworksBuildPhase section */

/* Begin PBXGroup section */
		AAD55D23226081EE00320F43 = {
			isa = PBXGroup;
			children = (
				AAD55D2E226081EE00320F43 /* iOSAssignment18,20,21,22 */,
				AAD55D2D226081EE00320F43 /* Products */,
			);
			sourceTree = "<group>";
		};
		AAD55D2D226081EE00320F43 /* Products */ = {
			isa = PBXGroup;
			children = (
				AAD55D2C226081EE00320F43 /* iOSAssignment18,20,21,22.app */,
			);
			name = Products;
			sourceTree = "<group>";
		};
		AAD55D2E226081EE00320F43 /* iOSAssignment18,20,21,22 */ = {
			isa = PBXGroup;
			children = (
				AAD55D442260822D00320F43 /* Modal */,
				AAD55D57226107CF00320F43 /* View */,
				AAD55D56226107A500320F43 /* Controller */,
				AAD55D512260E8CE00320F43 /* Extension */,
				AAD55D2F226081EE00320F43 /* AppDelegate.swift */,
				AAD55D33226081EE00320F43 /* Main.storyboard */,
				AAD55D3B226081EF00320F43 /* LaunchScreen.storyboard */,
				AAD55D3E226081EF00320F43 /* Info.plist */,
				AAD55D36226081EE00320F43 /* iOSAssignment18_20_21_22.xcdatamodeld */,
				AAD55D582261146C00320F43 /* Assets.xcassets */,
			);
			path = "iOSAssignment18,20,21,22";
			sourceTree = "<group>";
		};
		AAD55D442260822D00320F43 /* Modal */ = {
			isa = PBXGroup;
			children = (
				AAD55D45226082E000320F43 /* dataModal.swift */,
			);
			path = Modal;
			sourceTree = "<group>";
		};
		AAD55D512260E8CE00320F43 /* Extension */ = {
			isa = PBXGroup;
			children = (
				AAD55D522260E8ED00320F43 /* ImageLoadingExtension.swift */,
				AABCF98E226130F200D7D6C9 /* toastingProtocol.swift */,
			);
			path = Extension;
			sourceTree = "<group>";
		};
		AAD55D56226107A500320F43 /* Controller */ = {
			isa = PBXGroup;
			children = (
				AAD55D31226081EE00320F43 /* GalleryVC.swift */,
				AAD55D4F2260A5B900320F43 /* nextWindowVC.swift */,
			);
			path = Controller;
			sourceTree = "<group>";
		};
		AAD55D57226107CF00320F43 /* View */ = {
			isa = PBXGroup;
			children = (
				AAD55D54226102E300320F43 /* roundButton.swift */,
				AAD55D47226091DA00320F43 /* CustomNavBar.swift */,
				AAD55D492260920900320F43 /* CustomNavBar.xib */,
				AAD55D4B22609FD800320F43 /* CustomCollectionViewCell.swift */,
				AAD55D4C22609FD800320F43 /* CustomCollectionViewCell.xib */,
			);
			path = View;
			sourceTree = "<group>";
		};
/* End PBXGroup section */

/* Begin PBXNativeTarget section */
		AAD55D2B226081EE00320F43 /* iOSAssignment18,20,21,22 */ = {
			isa = PBXNativeTarget;
			buildConfigurationList = AAD55D41226081EF00320F43 /* Build configuration list for PBXNativeTarget "iOSAssignment18,20,21,22" */;
			buildPhases = (
				AAD55D28226081EE00320F43 /* Sources */,
				AAD55D29226081EE00320F43 /* Frameworks */,
				AAD55D2A226081EE00320F43 /* Resources */,
			);
			buildRules = (
			);
			dependencies = (
			);
			name = "iOSAssignment18,20,21,22";
			productName = "iOSAssignment18,20,21,22";
			productReference = AAD55D2C226081EE00320F43 /* iOSAssignment18,20,21,22.app */;
			productType = "com.apple.product-type.application";
		};
/* End PBXNativeTarget section */

/* Begin PBXProject section */
		AAD55D24226081EE00320F43 /* Project object */ = {
			isa = PBXProject;
			attributes = {
				LastSwiftUpdateCheck = 1020;
				LastUpgradeCheck = 1020;
				ORGANIZATIONNAME = "Utkarsh Patel";
				TargetAttributes = {
					AAD55D2B226081EE00320F43 = {
						CreatedOnToolsVersion = 10.2;
					};
				};
			};
			buildConfigurationList = AAD55D27226081EE00320F43 /* Build configuration list for PBXProject "iOSAssignment18,20,21,22" */;
			compatibilityVersion = "Xcode 9.3";
			developmentRegion = en;
			hasScannedForEncodings = 0;
			knownRegions = (
				en,
				Base,
			);
			mainGroup = AAD55D23226081EE00320F43;
			productRefGroup = AAD55D2D226081EE00320F43 /* Products */;
			projectDirPath = "";
			projectRoot = "";
			targets = (
				AAD55D2B226081EE00320F43 /* iOSAssignment18,20,21,22 */,
			);
		};
/* End PBXProject section */

/* Begin PBXResourcesBuildPhase section */
		AAD55D2A226081EE00320F43 /* Resources */ = {
			isa = PBXResourcesBuildPhase;
			buildActionMask = 2147483647;
			files = (
				AAD55D3D226081EF00320F43 /* LaunchScreen.storyboard in Resources */,
				AAD55D4A2260920900320F43 /* CustomNavBar.xib in Resources */,
				AAD55D4E22609FD800320F43 /* CustomCollectionViewCell.xib in Resources */,
				AAD55D35226081EE00320F43 /* Main.storyboard in Resources */,
				AAD55D592261146C00320F43 /* Assets.xcassets in Resources */,
			);
			runOnlyForDeploymentPostprocessing = 0;
		};
/* End PBXResourcesBuildPhase section */

/* Begin PBXSourcesBuildPhase section */
		AAD55D28226081EE00320F43 /* Sources */ = {
			isa = PBXSourcesBuildPhase;
			buildActionMask = 2147483647;
			files = (
				AAD55D32226081EE00320F43 /* GalleryVC.swift in Sources */,
				AAD55D4D22609FD800320F43 /* CustomCollectionViewCell.swift in Sources */,
				AABCF98F226130F200D7D6C9 /* toastingProtocol.swift in Sources */,
				AAD55D55226102E300320F43 /* roundButton.swift in Sources */,
				AAD55D46226082E000320F43 /* dataModal.swift in Sources */,
				AAD55D30226081EE00320F43 /* AppDelegate.swift in Sources */,
				AAD55D502260A5B900320F43 /* nextWindowVC.swift in Sources */,
				AAD55D532260E8ED00320F43 /* ImageLoadingExtension.swift in Sources */,
				AAD55D38226081EE00320F43 /* iOSAssignment18_20_21_22.xcdatamodeld in Sources */,
				AAD55D48226091DA00320F43 /* CustomNavBar.swift in Sources */,
			);
			runOnlyForDeploymentPostprocessing = 0;
		};
/* End PBXSourcesBuildPhase section */

/* Begin PBXVariantGroup section */
		AAD55D33226081EE00320F43 /* Main.storyboard */ = {
			isa = PBXVariantGroup;
			children = (
				AAD55D34226081EE00320F43 /* Base */,
			);
			name = Main.storyboard;
			sourceTree = "<group>";
		};
		AAD55D3B226081EF00320F43 /* LaunchScreen.storyboard */ = {
			isa = PBXVariantGroup;
			children = (
				AAD55D3C226081EF00320F43 /* Base */,
			);
			name = LaunchScreen.storyboard;
			sourceTree = "<group>";
		};
/* End PBXVariantGroup section */

/* Begin XCBuildConfiguration section */
		AAD55D3F226081EF00320F43 /* Debug */ = {
			isa = XCBuildConfiguration;
			buildSettings = {
				ALWAYS_SEARCH_USER_PATHS = NO;
				CLANG_ANALYZER_NONNULL = YES;
				CLANG_ANALYZER_NUMBER_OBJECT_CONVERSION = YES_AGGRESSIVE;
				CLANG_CXX_LANGUAGE_STANDARD = "gnu++14";
				CLANG_CXX_LIBRARY = "libc++";
				CLANG_ENABLE_MODULES = YES;
				CLANG_ENABLE_OBJC_ARC = YES;
				CLANG_ENABLE_OBJC_WEAK = YES;
				CLANG_WARN_BLOCK_CAPTURE_AUTORELEASING = YES;
				CLANG_WARN_BOOL_CONVERSION = YES;
				CLANG_WARN_COMMA = YES;
				CLANG_WARN_CONSTANT_CONVERSION = YES;
				CLANG_WARN_DEPRECATED_OBJC_IMPLEMENTATIONS = YES;
				CLANG_WARN_DIRECT_OBJC_ISA_USAGE = YES_ERROR;
				CLANG_WARN_DOCUMENTATION_COMMENTS = YES;
				CLANG_WARN_EMPTY_BODY = YES;
				CLANG_WARN_ENUM_CONVERSION = YES;
				CLANG_WARN_INFINITE_RECURSION = YES;
				CLANG_WARN_INT_CONVERSION = YES;
				CLANG_WARN_NON_LITERAL_NULL_CONVERSION = YES;
				CLANG_WARN_OBJC_IMPLICIT_RETAIN_SELF = YES;
				CLANG_WARN_OBJC_LITERAL_CONVERSION = YES;
				CLANG_WARN_OBJC_ROOT_CLASS = YES_ERROR;
				CLANG_WARN_RANGE_LOOP_ANALYSIS = YES;
				CLANG_WARN_STRICT_PROTOTYPES = YES;
				CLANG_WARN_SUSPICIOUS_MOVE = YES;
				CLANG_WARN_UNGUARDED_AVAILABILITY = YES_AGGRESSIVE;
				CLANG_WARN_UNREACHABLE_CODE = YES;
				CLANG_WARN__DUPLICATE_METHOD_MATCH = YES;
				CODE_SIGN_IDENTITY = "iPhone Developer";
				COPY_PHASE_STRIP = NO;
				DEBUG_INFORMATION_FORMAT = dwarf;
				ENABLE_STRICT_OBJC_MSGSEND = YES;
				ENABLE_TESTABILITY = YES;
				GCC_C_LANGUAGE_STANDARD = gnu11;
				GCC_DYNAMIC_NO_PIC = NO;
				GCC_NO_COMMON_BLOCKS = YES;
				GCC_OPTIMIZATION_LEVEL = 0;
				GCC_PREPROCESSOR_DEFINITIONS = (
					"DEBUG=1",
					"$(inherited)",
				);
				GCC_WARN_64_TO_32_BIT_CONVERSION = YES;
				GCC_WARN_ABOUT_RETURN_TYPE = YES_ERROR;
				GCC_WARN_UNDECLARED_SELECTOR = YES;
				GCC_WARN_UNINITIALIZED_AUTOS = YES_AGGRESSIVE;
				GCC_WARN_UNUSED_FUNCTION = YES;
				GCC_WARN_UNUSED_VARIABLE = YES;
				IPHONEOS_DEPLOYMENT_TARGET = 12.2;
				MTL_ENABLE_DEBUG_INFO = INCLUDE_SOURCE;
				MTL_FAST_MATH = YES;
				ONLY_ACTIVE_ARCH = YES;
				SDKROOT = iphoneos;
				SWIFT_ACTIVE_COMPILATION_CONDITIONS = DEBUG;
				SWIFT_OPTIMIZATION_LEVEL = "-Onone";
			};
			name = Debug;
		};
		AAD55D40226081EF00320F43 /* Release */ = {
			isa = XCBuildConfiguration;
			buildSettings = {
				ALWAYS_SEARCH_USER_PATHS = NO;
				CLANG_ANALYZER_NONNULL = YES;
				CLANG_ANALYZER_NUMBER_OBJECT_CONVERSION = YES_AGGRESSIVE;
				CLANG_CXX_LANGUAGE_STANDARD = "gnu++14";
				CLANG_CXX_LIBRARY = "libc++";
				CLANG_ENABLE_MODULES = YES;
				CLANG_ENABLE_OBJC_ARC = YES;
				CLANG_ENABLE_OBJC_WEAK = YES;
				CLANG_WARN_BLOCK_CAPTURE_AUTORELEASING = YES;
				CLANG_WARN_BOOL_CONVERSION = YES;
				CLANG_WARN_COMMA = YES;
				CLANG_WARN_CONSTANT_CONVERSION = YES;
				CLANG_WARN_DEPRECATED_OBJC_IMPLEMENTATIONS = YES;
				CLANG_WARN_DIRECT_OBJC_ISA_USAGE = YES_ERROR;
				CLANG_WARN_DOCUMENTATION_COMMENTS = YES;
				CLANG_WARN_EMPTY_BODY = YES;
				CLANG_WARN_ENUM_CONVERSION = YES;
				CLANG_WARN_INFINITE_RECURSION = YES;
				CLANG_WARN_INT_CONVERSION = YES;
				CLANG_WARN_NON_LITERAL_NULL_CONVERSION = YES;
				CLANG_WARN_OBJC_IMPLICIT_RETAIN_SELF = YES;
				CLANG_WARN_OBJC_LITERAL_CONVERSION = YES;
				CLANG_WARN_OBJC_ROOT_CLASS = YES_ERROR;
				CLANG_WARN_RANGE_LOOP_ANALYSIS = YES;
				CLANG_WARN_STRICT_PROTOTYPES = YES;
				CLANG_WARN_SUSPICIOUS_MOVE = YES;
				CLANG_WARN_UNGUARDED_AVAILABILITY = YES_AGGRESSIVE;
				CLANG_WARN_UNREACHABLE_CODE = YES;
				CLANG_WARN__DUPLICATE_METHOD_MATCH = YES;
				CODE_SIGN_IDENTITY = "iPhone Developer";
				COPY_PHASE_STRIP = NO;
				DEBUG_INFORMATION_FORMAT = "dwarf-with-dsym";
				ENABLE_NS_ASSERTIONS = NO;
				ENABLE_STRICT_OBJC_MSGSEND = YES;
				GCC_C_LANGUAGE_STANDARD = gnu11;
				GCC_NO_COMMON_BLOCKS = YES;
				GCC_WARN_64_TO_32_BIT_CONVERSION = YES;
				GCC_WARN_ABOUT_RETURN_TYPE = YES_ERROR;
				GCC_WARN_UNDECLARED_SELECTOR = YES;
				GCC_WARN_UNINITIALIZED_AUTOS = YES_AGGRESSIVE;
				GCC_WARN_UNUSED_FUNCTION = YES;
				GCC_WARN_UNUSED_VARIABLE = YES;
				IPHONEOS_DEPLOYMENT_TARGET = 12.2;
				MTL_ENABLE_DEBUG_INFO = NO;
				MTL_FAST_MATH = YES;
				SDKROOT = iphoneos;
				SWIFT_COMPILATION_MODE = wholemodule;
				SWIFT_OPTIMIZATION_LEVEL = "-O";
				VALIDATE_PRODUCT = YES;
			};
			name = Release;
		};
		AAD55D42226081EF00320F43 /* Debug */ = {
			isa = XCBuildConfiguration;
			buildSettings = {
				ASSETCATALOG_COMPILER_APPICON_NAME = AppIcon;
				CODE_SIGN_STYLE = Manual;
				DEVELOPMENT_TEAM = "";
				INFOPLIST_FILE = "iOSAssignment18,20,21,22/Info.plist";
				IPHONEOS_DEPLOYMENT_TARGET = 12.1;
				LD_RUNPATH_SEARCH_PATHS = (
					"$(inherited)",
					"@executable_path/Frameworks",
				);
				PRODUCT_BUNDLE_IDENTIFIER = "utkarsh.iOSAssignment18-20-21-22";
				PRODUCT_NAME = "$(TARGET_NAME)";
				PROVISIONING_PROFILE_SPECIFIER = "";
				SWIFT_VERSION = 4.2;
				TARGETED_DEVICE_FAMILY = "1,2";
			};
			name = Debug;
		};
		AAD55D43226081EF00320F43 /* Release */ = {
			isa = XCBuildConfiguration;
			buildSettings = {
				ASSETCATALOG_COMPILER_APPICON_NAME = AppIcon;
				CODE_SIGN_STYLE = Manual;
				DEVELOPMENT_TEAM = "";
				INFOPLIST_FILE = "iOSAssignment18,20,21,22/Info.plist";
				IPHONEOS_DEPLOYMENT_TARGET = 12.1;
				LD_RUNPATH_SEARCH_PATHS = (
					"$(inherited)",
					"@executable_path/Frameworks",
				);
				PRODUCT_BUNDLE_IDENTIFIER = "utkarsh.iOSAssignment18-20-21-22";
				PRODUCT_NAME = "$(TARGET_NAME)";
				PROVISIONING_PROFILE_SPECIFIER = "";
				SWIFT_VERSION = 4.2;
				TARGETED_DEVICE_FAMILY = "1,2";
			};
			name = Release;
		};
/* End XCBuildConfiguration section */

/* Begin XCConfigurationList section */
		AAD55D27226081EE00320F43 /* Build configuration list for PBXProject "iOSAssignment18,20,21,22" */ = {
			isa = XCConfigurationList;
			buildConfigurations = (
				AAD55D3F226081EF00320F43 /* Debug */,
				AAD55D40226081EF00320F43 /* Release */,
			);
			defaultConfigurationIsVisible = 0;
			defaultConfigurationName = Release;
		};
		AAD55D41226081EF00320F43 /* Build configuration list for PBXNativeTarget "iOSAssignment18,20,21,22" */ = {
			isa = XCConfigurationList;
			buildConfigurations = (
				AAD55D42226081EF00320F43 /* Debug */,
				AAD55D43226081EF00320F43 /* Release */,
			);
			defaultConfigurationIsVisible = 0;
			defaultConfigurationName = Release;
		};
/* End XCConfigurationList section */

/* Begin XCVersionGroup section */
		AAD55D36226081EE00320F43 /* iOSAssignment18_20_21_22.xcdatamodeld */ = {
			isa = XCVersionGroup;
			children = (
				AAD55D37226081EE00320F43 /* iOSAssignment18_20_21_22.xcdatamodel */,
			);
			currentVersion = AAD55D37226081EE00320F43 /* iOSAssignment18_20_21_22.xcdatamodel */;
			path = iOSAssignment18_20_21_22.xcdatamodeld;
			sourceTree = "<group>";
			versionGroupType = wrapper.xcdatamodel;
		};
/* End XCVersionGroup section */
	};
	rootObject = AAD55D24226081EE00320F43 /* Project object */;
}
