// !$*UTF8*$!
{
	archiveVersion = 1;
	classes = {
	};
	objectVersion = 50;
	objects = {

/* Begin PBXBuildFile section */
		AAD0543F2233C061002E5DB3 /* AppDelegate.swift in Sources */ = {isa = PBXBuildFile; fileRef = AAD0543E2233C061002E5DB3 /* AppDelegate.swift */; };
		AAD054412233C061002E5DB3 /* ViewController.swift in Sources */ = {isa = PBXBuildFile; fileRef = AAD054402233C061002E5DB3 /* ViewController.swift */; };
		AAD054442233C061002E5DB3 /* Main.storyboard in Resources */ = {isa = PBXBuildFile; fileRef = AAD054422233C061002E5DB3 /* Main.storyboard */; };
		AAD054462233C062002E5DB3 /* Assets.xcassets in Resources */ = {isa = PBXBuildFile; fileRef = AAD054452233C062002E5DB3 /* Assets.xcassets */; };
		AAD054492233C062002E5DB3 /* LaunchScreen.storyboard in Resources */ = {isa = PBXBuildFile; fileRef = AAD054472233C062002E5DB3 /* LaunchScreen.storyboard */; };
		AAD054512233C4BC002E5DB3 /* Question1Tab1.swift in Sources */ = {isa = PBXBuildFile; fileRef = AAD054502233C4BC002E5DB3 /* Question1Tab1.swift */; };
		AAD054532233C4E1002E5DB3 /* Question1Tab2.swift in Sources */ = {isa = PBXBuildFile; fileRef = AAD054522233C4E1002E5DB3 /* Question1Tab2.swift */; };
		AAD054552233C7B8002E5DB3 /* Question2.swift in Sources */ = {isa = PBXBuildFile; fileRef = AAD054542233C7B8002E5DB3 /* Question2.swift */; };
		AAD05457223416E7002E5DB3 /* Question3.swift in Sources */ = {isa = PBXBuildFile; fileRef = AAD05456223416E7002E5DB3 /* Question3.swift */; };
		AAD0545B223429C5002E5DB3 /* Question4.swift in Sources */ = {isa = PBXBuildFile; fileRef = AAD0545A223429C5002E5DB3 /* Question4.swift */; };
		AAD0545D22342DD6002E5DB3 /* Question5.swift in Sources */ = {isa = PBXBuildFile; fileRef = AAD0545C22342DD6002E5DB3 /* Question5.swift */; };
/* End PBXBuildFile section */

/* Begin PBXFileReference section */
		AAD0543B2233C061002E5DB3 /* iOSAssignment8-UIKit - Nested Controllers & Storyboard.app */ = {isa = PBXFileReference; explicitFileType = wrapper.application; includeInIndex = 0; path = "iOSAssignment8-UIKit - Nested Controllers & Storyboard.app"; sourceTree = BUILT_PRODUCTS_DIR; };
		AAD0543E2233C061002E5DB3 /* AppDelegate.swift */ = {isa = PBXFileReference; lastKnownFileType = sourcecode.swift; path = AppDelegate.swift; sourceTree = "<group>"; };
		AAD054402233C061002E5DB3 /* ViewController.swift */ = {isa = PBXFileReference; lastKnownFileType = sourcecode.swift; path = ViewController.swift; sourceTree = "<group>"; };
		AAD054432233C061002E5DB3 /* Base */ = {isa = PBXFileReference; lastKnownFileType = file.storyboard; name = Base; path = Base.lproj/Main.storyboard; sourceTree = "<group>"; };
		AAD054452233C062002E5DB3 /* Assets.xcassets */ = {isa = PBXFileReference; lastKnownFileType = folder.assetcatalog; path = Assets.xcassets; sourceTree = "<group>"; };
		AAD054482233C062002E5DB3 /* Base */ = {isa = PBXFileReference; lastKnownFileType = file.storyboard; name = Base; path = Base.lproj/LaunchScreen.storyboard; sourceTree = "<group>"; };
		AAD0544A2233C062002E5DB3 /* Info.plist */ = {isa = PBXFileReference; lastKnownFileType = text.plist.xml; path = Info.plist; sourceTree = "<group>"; };
		AAD054502233C4BC002E5DB3 /* Question1Tab1.swift */ = {isa = PBXFileReference; lastKnownFileType = sourcecode.swift; path = Question1Tab1.swift; sourceTree = "<group>"; };
		AAD054522233C4E1002E5DB3 /* Question1Tab2.swift */ = {isa = PBXFileReference; lastKnownFileType = sourcecode.swift; path = Question1Tab2.swift; sourceTree = "<group>"; };
		AAD054542233C7B8002E5DB3 /* Question2.swift */ = {isa = PBXFileReference; lastKnownFileType = sourcecode.swift; path = Question2.swift; sourceTree = "<group>"; };
		AAD05456223416E7002E5DB3 /* Question3.swift */ = {isa = PBXFileReference; lastKnownFileType = sourcecode.swift; path = Question3.swift; sourceTree = "<group>"; };
		AAD0545A223429C5002E5DB3 /* Question4.swift */ = {isa = PBXFileReference; lastKnownFileType = sourcecode.swift; path = Question4.swift; sourceTree = "<group>"; };
		AAD0545C22342DD6002E5DB3 /* Question5.swift */ = {isa = PBXFileReference; lastKnownFileType = sourcecode.swift; path = Question5.swift; sourceTree = "<group>"; };
/* End PBXFileReference section */

/* Begin PBXFrameworksBuildPhase section */
		AAD054382233C061002E5DB3 /* Frameworks */ = {
			isa = PBXFrameworksBuildPhase;
			buildActionMask = 2147483647;
			files = (
			);
			runOnlyForDeploymentPostprocessing = 0;
		};
/* End PBXFrameworksBuildPhase section */

/* Begin PBXGroup section */
		AAD054322233C061002E5DB3 = {
			isa = PBXGroup;
			children = (
				AAD0543D2233C061002E5DB3 /* iOSAssignment8-UIKit - Nested Controllers & Storyboard */,
				AAD0543C2233C061002E5DB3 /* Products */,
			);
			sourceTree = "<group>";
		};
		AAD0543C2233C061002E5DB3 /* Products */ = {
			isa = PBXGroup;
			children = (
				AAD0543B2233C061002E5DB3 /* iOSAssignment8-UIKit - Nested Controllers & Storyboard.app */,
			);
			name = Products;
			sourceTree = "<group>";
		};
		AAD0543D2233C061002E5DB3 /* iOSAssignment8-UIKit - Nested Controllers & Storyboard */ = {
			isa = PBXGroup;
			children = (
				AAD0543E2233C061002E5DB3 /* AppDelegate.swift */,
				AAD054402233C061002E5DB3 /* ViewController.swift */,
				AAD054422233C061002E5DB3 /* Main.storyboard */,
				AAD054452233C062002E5DB3 /* Assets.xcassets */,
				AAD054472233C062002E5DB3 /* LaunchScreen.storyboard */,
				AAD0544A2233C062002E5DB3 /* Info.plist */,
				AAD054502233C4BC002E5DB3 /* Question1Tab1.swift */,
				AAD054522233C4E1002E5DB3 /* Question1Tab2.swift */,
				AAD054542233C7B8002E5DB3 /* Question2.swift */,
				AAD05456223416E7002E5DB3 /* Question3.swift */,
				AAD0545A223429C5002E5DB3 /* Question4.swift */,
				AAD0545C22342DD6002E5DB3 /* Question5.swift */,
			);
			path = "iOSAssignment8-UIKit - Nested Controllers & Storyboard";
			sourceTree = "<group>";
		};
/* End PBXGroup section */

/* Begin PBXNativeTarget section */
		AAD0543A2233C061002E5DB3 /* iOSAssignment8-UIKit - Nested Controllers & Storyboard */ = {
			isa = PBXNativeTarget;
			buildConfigurationList = AAD0544D2233C062002E5DB3 /* Build configuration list for PBXNativeTarget "iOSAssignment8-UIKit - Nested Controllers & Storyboard" */;
			buildPhases = (
				AAD054372233C061002E5DB3 /* Sources */,
				AAD054382233C061002E5DB3 /* Frameworks */,
				AAD054392233C061002E5DB3 /* Resources */,
			);
			buildRules = (
			);
			dependencies = (
			);
			name = "iOSAssignment8-UIKit - Nested Controllers & Storyboard";
			productName = "iOSAssignment8-UIKit - Nested Controllers & Storyboard";
			productReference = AAD0543B2233C061002E5DB3 /* iOSAssignment8-UIKit - Nested Controllers & Storyboard.app */;
			productType = "com.apple.product-type.application";
		};
/* End PBXNativeTarget section */

/* Begin PBXProject section */
		AAD054332233C061002E5DB3 /* Project object */ = {
			isa = PBXProject;
			attributes = {
				LastSwiftUpdateCheck = 1010;
				LastUpgradeCheck = 1010;
				ORGANIZATIONNAME = "Utkarsh Patel";
				TargetAttributes = {
					AAD0543A2233C061002E5DB3 = {
						CreatedOnToolsVersion = 10.1;
					};
				};
			};
			buildConfigurationList = AAD054362233C061002E5DB3 /* Build configuration list for PBXProject "iOSAssignment8-UIKit - Nested Controllers & Storyboard" */;
			compatibilityVersion = "Xcode 9.3";
			developmentRegion = en;
			hasScannedForEncodings = 0;
			knownRegions = (
				en,
				Base,
			);
			mainGroup = AAD054322233C061002E5DB3;
			productRefGroup = AAD0543C2233C061002E5DB3 /* Products */;
			projectDirPath = "";
			projectRoot = "";
			targets = (
				AAD0543A2233C061002E5DB3 /* iOSAssignment8-UIKit - Nested Controllers & Storyboard */,
			);
		};
/* End PBXProject section */

/* Begin PBXResourcesBuildPhase section */
		AAD054392233C061002E5DB3 /* Resources */ = {
			isa = PBXResourcesBuildPhase;
			buildActionMask = 2147483647;
			files = (
				AAD054492233C062002E5DB3 /* LaunchScreen.storyboard in Resources */,
				AAD054462233C062002E5DB3 /* Assets.xcassets in Resources */,
				AAD054442233C061002E5DB3 /* Main.storyboard in Resources */,
			);
			runOnlyForDeploymentPostprocessing = 0;
		};
/* End PBXResourcesBuildPhase section */

/* Begin PBXSourcesBuildPhase section */
		AAD054372233C061002E5DB3 /* Sources */ = {
			isa = PBXSourcesBuildPhase;
			buildActionMask = 2147483647;
			files = (
				AAD054532233C4E1002E5DB3 /* Question1Tab2.swift in Sources */,
				AAD054552233C7B8002E5DB3 /* Question2.swift in Sources */,
				AAD054412233C061002E5DB3 /* ViewController.swift in Sources */,
				AAD05457223416E7002E5DB3 /* Question3.swift in Sources */,
				AAD0545B223429C5002E5DB3 /* Question4.swift in Sources */,
				AAD0543F2233C061002E5DB3 /* AppDelegate.swift in Sources */,
				AAD054512233C4BC002E5DB3 /* Question1Tab1.swift in Sources */,
				AAD0545D22342DD6002E5DB3 /* Question5.swift in Sources */,
			);
			runOnlyForDeploymentPostprocessing = 0;
		};
/* End PBXSourcesBuildPhase section */

/* Begin PBXVariantGroup section */
		AAD054422233C061002E5DB3 /* Main.storyboard */ = {
			isa = PBXVariantGroup;
			children = (
				AAD054432233C061002E5DB3 /* Base */,
			);
			name = Main.storyboard;
			sourceTree = "<group>";
		};
		AAD054472233C062002E5DB3 /* LaunchScreen.storyboard */ = {
			isa = PBXVariantGroup;
			children = (
				AAD054482233C062002E5DB3 /* Base */,
			);
			name = LaunchScreen.storyboard;
			sourceTree = "<group>";
		};
/* End PBXVariantGroup section */

/* Begin XCBuildConfiguration section */
		AAD0544B2233C062002E5DB3 /* Debug */ = {
			isa = XCBuildConfiguration;
			buildSettings = {
				ALWAYS_SEARCH_USER_PATHS = NO;
				CLANG_ANALYZER_NONNULL = YES;
				CLANG_ANALYZER_NUMBER_OBJECT_CONVERSION = YES_AGGRESSIVE;
				CLANG_CXX_LANGUAGE_STANDARD = "gnu++14";
				CLANG_CXX_LIBRARY = "libc++";
				CLANG_ENABLE_MODULES = YES;
				CLANG_ENABLE_OBJC_ARC = YES;
				CLANG_ENABLE_OBJC_WEAK = YES;
				CLANG_WARN_BLOCK_CAPTURE_AUTORELEASING = YES;
				CLANG_WARN_BOOL_CONVERSION = YES;
				CLANG_WARN_COMMA = YES;
				CLANG_WARN_CONSTANT_CONVERSION = YES;
				CLANG_WARN_DEPRECATED_OBJC_IMPLEMENTATIONS = YES;
				CLANG_WARN_DIRECT_OBJC_ISA_USAGE = YES_ERROR;
				CLANG_WARN_DOCUMENTATION_COMMENTS = YES;
				CLANG_WARN_EMPTY_BODY = YES;
				CLANG_WARN_ENUM_CONVERSION = YES;
				CLANG_WARN_INFINITE_RECURSION = YES;
				CLANG_WARN_INT_CONVERSION = YES;
				CLANG_WARN_NON_LITERAL_NULL_CONVERSION = YES;
				CLANG_WARN_OBJC_IMPLICIT_RETAIN_SELF = YES;
				CLANG_WARN_OBJC_LITERAL_CONVERSION = YES;
				CLANG_WARN_OBJC_ROOT_CLASS = YES_ERROR;
				CLANG_WARN_RANGE_LOOP_ANALYSIS = YES;
				CLANG_WARN_STRICT_PROTOTYPES = YES;
				CLANG_WARN_SUSPICIOUS_MOVE = YES;
				CLANG_WARN_UNGUARDED_AVAILABILITY = YES_AGGRESSIVE;
				CLANG_WARN_UNREACHABLE_CODE = YES;
				CLANG_WARN__DUPLICATE_METHOD_MATCH = YES;
				CODE_SIGN_IDENTITY = "iPhone Developer";
				COPY_PHASE_STRIP = NO;
				DEBUG_INFORMATION_FORMAT = dwarf;
				ENABLE_STRICT_OBJC_MSGSEND = YES;
				ENABLE_TESTABILITY = YES;
				GCC_C_LANGUAGE_STANDARD = gnu11;
				GCC_DYNAMIC_NO_PIC = NO;
				GCC_NO_COMMON_BLOCKS = YES;
				GCC_OPTIMIZATION_LEVEL = 0;
				GCC_PREPROCESSOR_DEFINITIONS = (
					"DEBUG=1",
					"$(inherited)",
				);
				GCC_WARN_64_TO_32_BIT_CONVERSION = YES;
				GCC_WARN_ABOUT_RETURN_TYPE = YES_ERROR;
				GCC_WARN_UNDECLARED_SELECTOR = YES;
				GCC_WARN_UNINITIALIZED_AUTOS = YES_AGGRESSIVE;
				GCC_WARN_UNUSED_FUNCTION = YES;
				GCC_WARN_UNUSED_VARIABLE = YES;
				IPHONEOS_DEPLOYMENT_TARGET = 12.1;
				MTL_ENABLE_DEBUG_INFO = INCLUDE_SOURCE;
				MTL_FAST_MATH = YES;
				ONLY_ACTIVE_ARCH = YES;
				SDKROOT = iphoneos;
				SWIFT_ACTIVE_COMPILATION_CONDITIONS = DEBUG;
				SWIFT_OPTIMIZATION_LEVEL = "-Onone";
			};
			name = Debug;
		};
		AAD0544C2233C062002E5DB3 /* Release */ = {
			isa = XCBuildConfiguration;
			buildSettings = {
				ALWAYS_SEARCH_USER_PATHS = NO;
				CLANG_ANALYZER_NONNULL = YES;
				CLANG_ANALYZER_NUMBER_OBJECT_CONVERSION = YES_AGGRESSIVE;
				CLANG_CXX_LANGUAGE_STANDARD = "gnu++14";
				CLANG_CXX_LIBRARY = "libc++";
				CLANG_ENABLE_MODULES = YES;
				CLANG_ENABLE_OBJC_ARC = YES;
				CLANG_ENABLE_OBJC_WEAK = YES;
				CLANG_WARN_BLOCK_CAPTURE_AUTORELEASING = YES;
				CLANG_WARN_BOOL_CONVERSION = YES;
				CLANG_WARN_COMMA = YES;
				CLANG_WARN_CONSTANT_CONVERSION = YES;
				CLANG_WARN_DEPRECATED_OBJC_IMPLEMENTATIONS = YES;
				CLANG_WARN_DIRECT_OBJC_ISA_USAGE = YES_ERROR;
				CLANG_WARN_DOCUMENTATION_COMMENTS = YES;
				CLANG_WARN_EMPTY_BODY = YES;
				CLANG_WARN_ENUM_CONVERSION = YES;
				CLANG_WARN_INFINITE_RECURSION = YES;
				CLANG_WARN_INT_CONVERSION = YES;
				CLANG_WARN_NON_LITERAL_NULL_CONVERSION = YES;
				CLANG_WARN_OBJC_IMPLICIT_RETAIN_SELF = YES;
				CLANG_WARN_OBJC_LITERAL_CONVERSION = YES;
				CLANG_WARN_OBJC_ROOT_CLASS = YES_ERROR;
				CLANG_WARN_RANGE_LOOP_ANALYSIS = YES;
				CLANG_WARN_STRICT_PROTOTYPES = YES;
				CLANG_WARN_SUSPICIOUS_MOVE = YES;
				CLANG_WARN_UNGUARDED_AVAILABILITY = YES_AGGRESSIVE;
				CLANG_WARN_UNREACHABLE_CODE = YES;
				CLANG_WARN__DUPLICATE_METHOD_MATCH = YES;
				CODE_SIGN_IDENTITY = "iPhone Developer";
				COPY_PHASE_STRIP = NO;
				DEBUG_INFORMATION_FORMAT = "dwarf-with-dsym";
				ENABLE_NS_ASSERTIONS = NO;
				ENABLE_STRICT_OBJC_MSGSEND = YES;
				GCC_C_LANGUAGE_STANDARD = gnu11;
				GCC_NO_COMMON_BLOCKS = YES;
				GCC_WARN_64_TO_32_BIT_CONVERSION = YES;
				GCC_WARN_ABOUT_RETURN_TYPE = YES_ERROR;
				GCC_WARN_UNDECLARED_SELECTOR = YES;
				GCC_WARN_UNINITIALIZED_AUTOS = YES_AGGRESSIVE;
				GCC_WARN_UNUSED_FUNCTION = YES;
				GCC_WARN_UNUSED_VARIABLE = YES;
				IPHONEOS_DEPLOYMENT_TARGET = 12.1;
				MTL_ENABLE_DEBUG_INFO = NO;
				MTL_FAST_MATH = YES;
				SDKROOT = iphoneos;
				SWIFT_COMPILATION_MODE = wholemodule;
				SWIFT_OPTIMIZATION_LEVEL = "-O";
				VALIDATE_PRODUCT = YES;
			};
			name = Release;
		};
		AAD0544E2233C062002E5DB3 /* Debug */ = {
			isa = XCBuildConfiguration;
			buildSettings = {
				ASSETCATALOG_COMPILER_APPICON_NAME = AppIcon;
				CODE_SIGN_STYLE = Automatic;
				INFOPLIST_FILE = "iOSAssignment8-UIKit - Nested Controllers & Storyboard/Info.plist";
				LD_RUNPATH_SEARCH_PATHS = (
					"$(inherited)",
					"@executable_path/Frameworks",
				);
				PRODUCT_BUNDLE_IDENTIFIER = "com.ttn.iOSAssignment8-UIKit---Nested-Controllers---Storyboard";
				PRODUCT_NAME = "$(TARGET_NAME)";
				SWIFT_VERSION = 4.2;
				TARGETED_DEVICE_FAMILY = "1,2";
			};
			name = Debug;
		};
		AAD0544F2233C062002E5DB3 /* Release */ = {
			isa = XCBuildConfiguration;
			buildSettings = {
				ASSETCATALOG_COMPILER_APPICON_NAME = AppIcon;
				CODE_SIGN_STYLE = Automatic;
				INFOPLIST_FILE = "iOSAssignment8-UIKit - Nested Controllers & Storyboard/Info.plist";
				LD_RUNPATH_SEARCH_PATHS = (
					"$(inherited)",
					"@executable_path/Frameworks",
				);
				PRODUCT_BUNDLE_IDENTIFIER = "com.ttn.iOSAssignment8-UIKit---Nested-Controllers---Storyboard";
				PRODUCT_NAME = "$(TARGET_NAME)";
				SWIFT_VERSION = 4.2;
				TARGETED_DEVICE_FAMILY = "1,2";
			};
			name = Release;
		};
/* End XCBuildConfiguration section */

/* Begin XCConfigurationList section */
		AAD054362233C061002E5DB3 /* Build configuration list for PBXProject "iOSAssignment8-UIKit - Nested Controllers & Storyboard" */ = {
			isa = XCConfigurationList;
			buildConfigurations = (
				AAD0544B2233C062002E5DB3 /* Debug */,
				AAD0544C2233C062002E5DB3 /* Release */,
			);
			defaultConfigurationIsVisible = 0;
			defaultConfigurationName = Release;
		};
		AAD0544D2233C062002E5DB3 /* Build configuration list for PBXNativeTarget "iOSAssignment8-UIKit - Nested Controllers & Storyboard" */ = {
			isa = XCConfigurationList;
			buildConfigurations = (
				AAD0544E2233C062002E5DB3 /* Debug */,
				AAD0544F2233C062002E5DB3 /* Release */,
			);
			defaultConfigurationIsVisible = 0;
			defaultConfigurationName = Release;
		};
/* End XCConfigurationList section */
	};
	rootObject = AAD054332233C061002E5DB3 /* Project object */;
}
