// !$*UTF8*$!
{
	archiveVersion = 1;
	classes = {
	};
	objectVersion = 50;
	objects = {

/* Begin PBXBuildFile section */
		AAB8641822B2727D00B3C1FB /* AppDelegate.swift in Sources */ = {isa = PBXBuildFile; fileRef = AAB8641722B2727D00B3C1FB /* AppDelegate.swift */; };
		AAB8641A22B2727D00B3C1FB /* ViewController.swift in Sources */ = {isa = PBXBuildFile; fileRef = AAB8641922B2727D00B3C1FB /* ViewController.swift */; };
		AAB8641D22B2727D00B3C1FB /* Main.storyboard in Resources */ = {isa = PBXBuildFile; fileRef = AAB8641B22B2727D00B3C1FB /* Main.storyboard */; };
		AAB8641F22B2728000B3C1FB /* Assets.xcassets in Resources */ = {isa = PBXBuildFile; fileRef = AAB8641E22B2728000B3C1FB /* Assets.xcassets */; };
		AAB8642222B2728000B3C1FB /* LaunchScreen.storyboard in Resources */ = {isa = PBXBuildFile; fileRef = AAB8642022B2728000B3C1FB /* LaunchScreen.storyboard */; };
		AAFBA67922BBB0E600369ACD /* TableViewCell.swift in Sources */ = {isa = PBXBuildFile; fileRef = AAFBA67722BBB0E600369ACD /* TableViewCell.swift */; };
		AAFBA67A22BBB0E600369ACD /* TableViewCell.xib in Resources */ = {isa = PBXBuildFile; fileRef = AAFBA67822BBB0E600369ACD /* TableViewCell.xib */; };
		AAFBA67D22BBD9AE00369ACD /* StackTableViewCell.swift in Sources */ = {isa = PBXBuildFile; fileRef = AAFBA67B22BBD9AE00369ACD /* StackTableViewCell.swift */; };
		AAFBA67E22BBD9AE00369ACD /* StackTableViewCell.xib in Resources */ = {isa = PBXBuildFile; fileRef = AAFBA67C22BBD9AE00369ACD /* StackTableViewCell.xib */; };
/* End PBXBuildFile section */

/* Begin PBXFileReference section */
		AAB8641422B2727D00B3C1FB /* testing.app */ = {isa = PBXFileReference; explicitFileType = wrapper.application; includeInIndex = 0; path = testing.app; sourceTree = BUILT_PRODUCTS_DIR; };
		AAB8641722B2727D00B3C1FB /* AppDelegate.swift */ = {isa = PBXFileReference; lastKnownFileType = sourcecode.swift; path = AppDelegate.swift; sourceTree = "<group>"; };
		AAB8641922B2727D00B3C1FB /* ViewController.swift */ = {isa = PBXFileReference; lastKnownFileType = sourcecode.swift; path = ViewController.swift; sourceTree = "<group>"; };
		AAB8641C22B2727D00B3C1FB /* Base */ = {isa = PBXFileReference; lastKnownFileType = file.storyboard; name = Base; path = Base.lproj/Main.storyboard; sourceTree = "<group>"; };
		AAB8641E22B2728000B3C1FB /* Assets.xcassets */ = {isa = PBXFileReference; lastKnownFileType = folder.assetcatalog; path = Assets.xcassets; sourceTree = "<group>"; };
		AAB8642122B2728000B3C1FB /* Base */ = {isa = PBXFileReference; lastKnownFileType = file.storyboard; name = Base; path = Base.lproj/LaunchScreen.storyboard; sourceTree = "<group>"; };
		AAB8642322B2728000B3C1FB /* Info.plist */ = {isa = PBXFileReference; lastKnownFileType = text.plist.xml; path = Info.plist; sourceTree = "<group>"; };
		AAFBA67722BBB0E600369ACD /* TableViewCell.swift */ = {isa = PBXFileReference; lastKnownFileType = sourcecode.swift; path = TableViewCell.swift; sourceTree = "<group>"; };
		AAFBA67822BBB0E600369ACD /* TableViewCell.xib */ = {isa = PBXFileReference; lastKnownFileType = file.xib; path = TableViewCell.xib; sourceTree = "<group>"; };
		AAFBA67B22BBD9AE00369ACD /* StackTableViewCell.swift */ = {isa = PBXFileReference; lastKnownFileType = sourcecode.swift; path = StackTableViewCell.swift; sourceTree = "<group>"; };
		AAFBA67C22BBD9AE00369ACD /* StackTableViewCell.xib */ = {isa = PBXFileReference; lastKnownFileType = file.xib; path = StackTableViewCell.xib; sourceTree = "<group>"; };
/* End PBXFileReference section */

/* Begin PBXFrameworksBuildPhase section */
		AAB8641122B2727D00B3C1FB /* Frameworks */ = {
			isa = PBXFrameworksBuildPhase;
			buildActionMask = 2147483647;
			files = (
			);
			runOnlyForDeploymentPostprocessing = 0;
		};
/* End PBXFrameworksBuildPhase section */

/* Begin PBXGroup section */
		AAB8640B22B2727D00B3C1FB = {
			isa = PBXGroup;
			children = (
				AAB8641622B2727D00B3C1FB /* testing */,
				AAB8641522B2727D00B3C1FB /* Products */,
			);
			sourceTree = "<group>";
		};
		AAB8641522B2727D00B3C1FB /* Products */ = {
			isa = PBXGroup;
			children = (
				AAB8641422B2727D00B3C1FB /* testing.app */,
			);
			name = Products;
			sourceTree = "<group>";
		};
		AAB8641622B2727D00B3C1FB /* testing */ = {
			isa = PBXGroup;
			children = (
				AAB8641722B2727D00B3C1FB /* AppDelegate.swift */,
				AAB8641922B2727D00B3C1FB /* ViewController.swift */,
				AAB8641B22B2727D00B3C1FB /* Main.storyboard */,
				AAB8641E22B2728000B3C1FB /* Assets.xcassets */,
				AAB8642022B2728000B3C1FB /* LaunchScreen.storyboard */,
				AAB8642322B2728000B3C1FB /* Info.plist */,
				AAFBA67722BBB0E600369ACD /* TableViewCell.swift */,
				AAFBA67822BBB0E600369ACD /* TableViewCell.xib */,
				AAFBA67B22BBD9AE00369ACD /* StackTableViewCell.swift */,
				AAFBA67C22BBD9AE00369ACD /* StackTableViewCell.xib */,
			);
			path = testing;
			sourceTree = "<group>";
		};
/* End PBXGroup section */

/* Begin PBXNativeTarget section */
		AAB8641322B2727D00B3C1FB /* testing */ = {
			isa = PBXNativeTarget;
			buildConfigurationList = AAB8642622B2728000B3C1FB /* Build configuration list for PBXNativeTarget "testing" */;
			buildPhases = (
				AAB8641022B2727D00B3C1FB /* Sources */,
				AAB8641122B2727D00B3C1FB /* Frameworks */,
				AAB8641222B2727D00B3C1FB /* Resources */,
			);
			buildRules = (
			);
			dependencies = (
			);
			name = testing;
			productName = testing;
			productReference = AAB8641422B2727D00B3C1FB /* testing.app */;
			productType = "com.apple.product-type.application";
		};
/* End PBXNativeTarget section */

/* Begin PBXProject section */
		AAB8640C22B2727D00B3C1FB /* Project object */ = {
			isa = PBXProject;
			attributes = {
				LastSwiftUpdateCheck = 1020;
				LastUpgradeCheck = 1020;
				ORGANIZATIONNAME = "Utkarsh Patel";
				TargetAttributes = {
					AAB8641322B2727D00B3C1FB = {
						CreatedOnToolsVersion = 10.2.1;
					};
				};
			};
			buildConfigurationList = AAB8640F22B2727D00B3C1FB /* Build configuration list for PBXProject "testing" */;
			compatibilityVersion = "Xcode 9.3";
			developmentRegion = en;
			hasScannedForEncodings = 0;
			knownRegions = (
				en,
				Base,
			);
			mainGroup = AAB8640B22B2727D00B3C1FB;
			productRefGroup = AAB8641522B2727D00B3C1FB /* Products */;
			projectDirPath = "";
			projectRoot = "";
			targets = (
				AAB8641322B2727D00B3C1FB /* testing */,
			);
		};
/* End PBXProject section */

/* Begin PBXResourcesBuildPhase section */
		AAB8641222B2727D00B3C1FB /* Resources */ = {
			isa = PBXResourcesBuildPhase;
			buildActionMask = 2147483647;
			files = (
				AAFBA67E22BBD9AE00369ACD /* StackTableViewCell.xib in Resources */,
				AAB8642222B2728000B3C1FB /* LaunchScreen.storyboard in Resources */,
				AAFBA67A22BBB0E600369ACD /* TableViewCell.xib in Resources */,
				AAB8641F22B2728000B3C1FB /* Assets.xcassets in Resources */,
				AAB8641D22B2727D00B3C1FB /* Main.storyboard in Resources */,
			);
			runOnlyForDeploymentPostprocessing = 0;
		};
/* End PBXResourcesBuildPhase section */

/* Begin PBXSourcesBuildPhase section */
		AAB8641022B2727D00B3C1FB /* Sources */ = {
			isa = PBXSourcesBuildPhase;
			buildActionMask = 2147483647;
			files = (
				AAFBA67D22BBD9AE00369ACD /* StackTableViewCell.swift in Sources */,
				AAFBA67922BBB0E600369ACD /* TableViewCell.swift in Sources */,
				AAB8641A22B2727D00B3C1FB /* ViewController.swift in Sources */,
				AAB8641822B2727D00B3C1FB /* AppDelegate.swift in Sources */,
			);
			runOnlyForDeploymentPostprocessing = 0;
		};
/* End PBXSourcesBuildPhase section */

/* Begin PBXVariantGroup section */
		AAB8641B22B2727D00B3C1FB /* Main.storyboard */ = {
			isa = PBXVariantGroup;
			children = (
				AAB8641C22B2727D00B3C1FB /* Base */,
			);
			name = Main.storyboard;
			sourceTree = "<group>";
		};
		AAB8642022B2728000B3C1FB /* LaunchScreen.storyboard */ = {
			isa = PBXVariantGroup;
			children = (
				AAB8642122B2728000B3C1FB /* Base */,
			);
			name = LaunchScreen.storyboard;
			sourceTree = "<group>";
		};
/* End PBXVariantGroup section */

/* Begin XCBuildConfiguration section */
		AAB8642422B2728000B3C1FB /* Debug */ = {
			isa = XCBuildConfiguration;
			buildSettings = {
				ALWAYS_SEARCH_USER_PATHS = NO;
				CLANG_ANALYZER_NONNULL = YES;
				CLANG_ANALYZER_NUMBER_OBJECT_CONVERSION = YES_AGGRESSIVE;
				CLANG_CXX_LANGUAGE_STANDARD = "gnu++14";
				CLANG_CXX_LIBRARY = "libc++";
				CLANG_ENABLE_MODULES = YES;
				CLANG_ENABLE_OBJC_ARC = YES;
				CLANG_ENABLE_OBJC_WEAK = YES;
				CLANG_WARN_BLOCK_CAPTURE_AUTORELEASING = YES;
				CLANG_WARN_BOOL_CONVERSION = YES;
				CLANG_WARN_COMMA = YES;
				CLANG_WARN_CONSTANT_CONVERSION = YES;
				CLANG_WARN_DEPRECATED_OBJC_IMPLEMENTATIONS = YES;
				CLANG_WARN_DIRECT_OBJC_ISA_USAGE = YES_ERROR;
				CLANG_WARN_DOCUMENTATION_COMMENTS = YES;
				CLANG_WARN_EMPTY_BODY = YES;
				CLANG_WARN_ENUM_CONVERSION = YES;
				CLANG_WARN_INFINITE_RECURSION = YES;
				CLANG_WARN_INT_CONVERSION = YES;
				CLANG_WARN_NON_LITERAL_NULL_CONVERSION = YES;
				CLANG_WARN_OBJC_IMPLICIT_RETAIN_SELF = YES;
				CLANG_WARN_OBJC_LITERAL_CONVERSION = YES;
				CLANG_WARN_OBJC_ROOT_CLASS = YES_ERROR;
				CLANG_WARN_RANGE_LOOP_ANALYSIS = YES;
				CLANG_WARN_STRICT_PROTOTYPES = YES;
				CLANG_WARN_SUSPICIOUS_MOVE = YES;
				CLANG_WARN_UNGUARDED_AVAILABILITY = YES_AGGRESSIVE;
				CLANG_WARN_UNREACHABLE_CODE = YES;
				CLANG_WARN__DUPLICATE_METHOD_MATCH = YES;
				CODE_SIGN_IDENTITY = "iPhone Developer";
				COPY_PHASE_STRIP = NO;
				DEBUG_INFORMATION_FORMAT = dwarf;
				ENABLE_STRICT_OBJC_MSGSEND = YES;
				ENABLE_TESTABILITY = YES;
				GCC_C_LANGUAGE_STANDARD = gnu11;
				GCC_DYNAMIC_NO_PIC = NO;
				GCC_NO_COMMON_BLOCKS = YES;
				GCC_OPTIMIZATION_LEVEL = 0;
				GCC_PREPROCESSOR_DEFINITIONS = (
					"DEBUG=1",
					"$(inherited)",
				);
				GCC_WARN_64_TO_32_BIT_CONVERSION = YES;
				GCC_WARN_ABOUT_RETURN_TYPE = YES_ERROR;
				GCC_WARN_UNDECLARED_SELECTOR = YES;
				GCC_WARN_UNINITIALIZED_AUTOS = YES_AGGRESSIVE;
				GCC_WARN_UNUSED_FUNCTION = YES;
				GCC_WARN_UNUSED_VARIABLE = YES;
				IPHONEOS_DEPLOYMENT_TARGET = 12.2;
				MTL_ENABLE_DEBUG_INFO = INCLUDE_SOURCE;
				MTL_FAST_MATH = YES;
				ONLY_ACTIVE_ARCH = YES;
				SDKROOT = iphoneos;
				SWIFT_ACTIVE_COMPILATION_CONDITIONS = DEBUG;
				SWIFT_OPTIMIZATION_LEVEL = "-Onone";
			};
			name = Debug;
		};
		AAB8642522B2728000B3C1FB /* Release */ = {
			isa = XCBuildConfiguration;
			buildSettings = {
				ALWAYS_SEARCH_USER_PATHS = NO;
				CLANG_ANALYZER_NONNULL = YES;
				CLANG_ANALYZER_NUMBER_OBJECT_CONVERSION = YES_AGGRESSIVE;
				CLANG_CXX_LANGUAGE_STANDARD = "gnu++14";
				CLANG_CXX_LIBRARY = "libc++";
				CLANG_ENABLE_MODULES = YES;
				CLANG_ENABLE_OBJC_ARC = YES;
				CLANG_ENABLE_OBJC_WEAK = YES;
				CLANG_WARN_BLOCK_CAPTURE_AUTORELEASING = YES;
				CLANG_WARN_BOOL_CONVERSION = YES;
				CLANG_WARN_COMMA = YES;
				CLANG_WARN_CONSTANT_CONVERSION = YES;
				CLANG_WARN_DEPRECATED_OBJC_IMPLEMENTATIONS = YES;
				CLANG_WARN_DIRECT_OBJC_ISA_USAGE = YES_ERROR;
				CLANG_WARN_DOCUMENTATION_COMMENTS = YES;
				CLANG_WARN_EMPTY_BODY = YES;
				CLANG_WARN_ENUM_CONVERSION = YES;
				CLANG_WARN_INFINITE_RECURSION = YES;
				CLANG_WARN_INT_CONVERSION = YES;
				CLANG_WARN_NON_LITERAL_NULL_CONVERSION = YES;
				CLANG_WARN_OBJC_IMPLICIT_RETAIN_SELF = YES;
				CLANG_WARN_OBJC_LITERAL_CONVERSION = YES;
				CLANG_WARN_OBJC_ROOT_CLASS = YES_ERROR;
				CLANG_WARN_RANGE_LOOP_ANALYSIS = YES;
				CLANG_WARN_STRICT_PROTOTYPES = YES;
				CLANG_WARN_SUSPICIOUS_MOVE = YES;
				CLANG_WARN_UNGUARDED_AVAILABILITY = YES_AGGRESSIVE;
				CLANG_WARN_UNREACHABLE_CODE = YES;
				CLANG_WARN__DUPLICATE_METHOD_MATCH = YES;
				CODE_SIGN_IDENTITY = "iPhone Developer";
				COPY_PHASE_STRIP = NO;
				DEBUG_INFORMATION_FORMAT = "dwarf-with-dsym";
				ENABLE_NS_ASSERTIONS = NO;
				ENABLE_STRICT_OBJC_MSGSEND = YES;
				GCC_C_LANGUAGE_STANDARD = gnu11;
				GCC_NO_COMMON_BLOCKS = YES;
				GCC_WARN_64_TO_32_BIT_CONVERSION = YES;
				GCC_WARN_ABOUT_RETURN_TYPE = YES_ERROR;
				GCC_WARN_UNDECLARED_SELECTOR = YES;
				GCC_WARN_UNINITIALIZED_AUTOS = YES_AGGRESSIVE;
				GCC_WARN_UNUSED_FUNCTION = YES;
				GCC_WARN_UNUSED_VARIABLE = YES;
				IPHONEOS_DEPLOYMENT_TARGET = 12.2;
				MTL_ENABLE_DEBUG_INFO = NO;
				MTL_FAST_MATH = YES;
				SDKROOT = iphoneos;
				SWIFT_COMPILATION_MODE = wholemodule;
				SWIFT_OPTIMIZATION_LEVEL = "-O";
				VALIDATE_PRODUCT = YES;
			};
			name = Release;
		};
		AAB8642722B2728000B3C1FB /* Debug */ = {
			isa = XCBuildConfiguration;
			buildSettings = {
				ASSETCATALOG_COMPILER_APPICON_NAME = AppIcon;
				CODE_SIGN_STYLE = Automatic;
				INFOPLIST_FILE = testing/Info.plist;
				LD_RUNPATH_SEARCH_PATHS = (
					"$(inherited)",
					"@executable_path/Frameworks",
				);
				PRODUCT_BUNDLE_IDENTIFIER = utkarsh.testing;
				PRODUCT_NAME = "$(TARGET_NAME)";
				SWIFT_VERSION = 4.2;
				TARGETED_DEVICE_FAMILY = "1,2";
			};
			name = Debug;
		};
		AAB8642822B2728000B3C1FB /* Release */ = {
			isa = XCBuildConfiguration;
			buildSettings = {
				ASSETCATALOG_COMPILER_APPICON_NAME = AppIcon;
				CODE_SIGN_STYLE = Automatic;
				INFOPLIST_FILE = testing/Info.plist;
				LD_RUNPATH_SEARCH_PATHS = (
					"$(inherited)",
					"@executable_path/Frameworks",
				);
				PRODUCT_BUNDLE_IDENTIFIER = utkarsh.testing;
				PRODUCT_NAME = "$(TARGET_NAME)";
				SWIFT_VERSION = 4.2;
				TARGETED_DEVICE_FAMILY = "1,2";
			};
			name = Release;
		};
/* End XCBuildConfiguration section */

/* Begin XCConfigurationList section */
		AAB8640F22B2727D00B3C1FB /* Build configuration list for PBXProject "testing" */ = {
			isa = XCConfigurationList;
			buildConfigurations = (
				AAB8642422B2728000B3C1FB /* Debug */,
				AAB8642522B2728000B3C1FB /* Release */,
			);
			defaultConfigurationIsVisible = 0;
			defaultConfigurationName = Release;
		};
		AAB8642622B2728000B3C1FB /* Build configuration list for PBXNativeTarget "testing" */ = {
			isa = XCConfigurationList;
			buildConfigurations = (
				AAB8642722B2728000B3C1FB /* Debug */,
				AAB8642822B2728000B3C1FB /* Release */,
			);
			defaultConfigurationIsVisible = 0;
			defaultConfigurationName = Release;
		};
/* End XCConfigurationList section */
	};
	rootObject = AAB8640C22B2727D00B3C1FB /* Project object */;
}
